
Microsoft Visual Studio Solution File, Format Version 12.00
# Visual Studio Version 17
VisualStudioVersion = 17.0.31903.59
MinimumVisualStudioVersion = 10.0.40219.1
Project("{FAE04EC0-301F-11D3-BF4B-00C04F79EFBC}") = "ValuesAndReferences", "ValuesAndReferences\ValuesAndReferences.csproj", "{6999A3D8-2C6E-402A-84DA-078A7C773213}"
EndProject
Project("{FAE04EC0-301F-11D3-BF4B-00C04F79EFBC}") = "Tempo", "Tempo\Tempo.csproj", "{935999F8-9E48-4C07-92FF-6EA3742F3EF5}"
EndProject
Project("{FAE04EC0-301F-11D3-BF4B-00C04F79EFBC}") = "RandomTest", "RandomTest\RandomTest.csproj", "{3E39FEF0-5ADB-4C86-889E-41EA032409C3}"
EndProject
Project("{FAE04EC0-301F-11D3-BF4B-00C04F79EFBC}") = "RandomDice", "RandomDice\RandomDice.csproj", "{85F68E12-EA75-481B-9ACF-1AEF7C6D71B8}"
EndProject
Global
	GlobalSection(SolutionConfigurationPlatforms) = preSolution
		Debug|Any CPU = Debug|Any CPU
		Release|Any CPU = Release|Any CPU
	EndGlobalSection
	GlobalSection(SolutionProperties) = preSolution
		HideSolutionNode = FALSE
	EndGlobalSection
	GlobalSection(ProjectConfigurationPlatforms) = postSolution
		{6999A3D8-2C6E-402A-84DA-078A7C773213}.Debug|Any CPU.ActiveCfg = Debug|Any CPU
		{6999A3D8-2C6E-402A-84DA-078A7C773213}.Debug|Any CPU.Build.0 = Debug|Any CPU
		{6999A3D8-2C6E-402A-84DA-078A7C773213}.Release|Any CPU.ActiveCfg = Release|Any CPU
		{6999A3D8-2C6E-402A-84DA-078A7C773213}.Release|Any CPU.Build.0 = Release|Any CPU
		{935999F8-9E48-4C07-92FF-6EA3742F3EF5}.Debug|Any CPU.ActiveCfg = Debug|Any CPU
		{935999F8-9E48-4C07-92FF-6EA3742F3EF5}.Debug|Any CPU.Build.0 = Debug|Any CPU
		{935999F8-9E48-4C07-92FF-6EA3742F3EF5}.Release|Any CPU.ActiveCfg = Release|Any CPU
		{935999F8-9E48-4C07-92FF-6EA3742F3EF5}.Release|Any CPU.Build.0 = Release|Any CPU
		{3E39FEF0-5ADB-4C86-889E-41EA032409C3}.Debug|Any CPU.ActiveCfg = Debug|Any CPU
		{3E39FEF0-5ADB-4C86-889E-41EA032409C3}.Debug|Any CPU.Build.0 = Debug|Any CPU
		{3E39FEF0-5ADB-4C86-889E-41EA032409C3}.Release|Any CPU.ActiveCfg = Release|Any CPU
		{3E39FEF0-5ADB-4C86-889E-41EA032409C3}.Release|Any CPU.Build.0 = Release|Any CPU
		{85F68E12-EA75-481B-9ACF-1AEF7C6D71B8}.Debug|Any CPU.ActiveCfg = Debug|Any CPU
		{85F68E12-EA75-481B-9ACF-1AEF7C6D71B8}.Debug|Any CPU.Build.0 = Debug|Any CPU
		{85F68E12-EA75-481B-9ACF-1AEF7C6D71B8}.Release|Any CPU.ActiveCfg = Release|Any CPU
		{85F68E12-EA75-481B-9ACF-1AEF7C6D71B8}.Release|Any CPU.Build.0 = Release|Any CPU
	EndGlobalSection
EndGlobal
